
Microsoft Visual Studio Solution File, Format Version 12.00
# Visual Studio Version 17
VisualStudioVersion = 17.6.33723.286
MinimumVisualStudioVersion = 10.0.40219.1
Project("{FAE04EC0-301F-11D3-BF4B-00C04F79EFBC}") = "Code0", "Code0.csproj", "{80AB28A1-C059-4CEF-A3FC-C1FD30AB095E}"
EndProject
Global
	GlobalSection(SolutionConfigurationPlatforms) = preSolution
		Debug|Any CPU = Debug|Any CPU
		Release|Any CPU = Release|Any CPU
	EndGlobalSection
	GlobalSection(ProjectConfigurationPlatforms) = postSolution
		{80AB28A1-C059-4CEF-A3FC-C1FD30AB095E}.Debug|Any CPU.ActiveCfg = Debug|Any CPU
		{80AB28A1-C059-4CEF-A3FC-C1FD30AB095E}.Debug|Any CPU.Build.0 = Debug|Any CPU
		{80AB28A1-C059-4CEF-A3FC-C1FD30AB095E}.Release|Any CPU.ActiveCfg = Release|Any CPU
		{80AB28A1-C059-4CEF-A3FC-C1FD30AB095E}.Release|Any CPU.Build.0 = Release|Any CPU
	EndGlobalSection
	GlobalSection(SolutionProperties) = preSolution
		HideSolutionNode = FALSE
	EndGlobalSection
	GlobalSection(ExtensibilityGlobals) = postSolution
		SolutionGuid = {16A6EE53-868C-474F-A532-CD42DE5D59AA}
	EndGlobalSection
EndGlobal
